
Microsoft Visual Studio Solution File, Format Version 12.00
# Visual Studio Version 17
VisualStudioVersion = 17.0.32014.148
MinimumVisualStudioVersion = 10.0.40219.1
Project("{FAE04EC0-301F-11D3-BF4B-00C04F79EFBC}") = "WinFormsApp1", "WinFormsApp1\WinFormsApp1.csproj", "{DA5B2676-3E06-4FAE-A8D4-4C1182930601}"
EndProject
Global
	GlobalSection(SolutionConfigurationPlatforms) = preSolution
		Debug|Any CPU = Debug|Any CPU
		Release|Any CPU = Release|Any CPU
	EndGlobalSection
	GlobalSection(ProjectConfigurationPlatforms) = postSolution
		{DA5B2676-3E06-4FAE-A8D4-4C1182930601}.Debug|Any CPU.ActiveCfg = Debug|Any CPU
		{DA5B2676-3E06-4FAE-A8D4-4C1182930601}.Debug|Any CPU.Build.0 = Debug|Any CPU
		{DA5B2676-3E06-4FAE-A8D4-4C1182930601}.Release|Any CPU.ActiveCfg = Release|Any CPU
		{DA5B2676-3E06-4FAE-A8D4-4C1182930601}.Release|Any CPU.Build.0 = Release|Any CPU
	EndGlobalSection
	GlobalSection(SolutionProperties) = preSolution
		HideSolutionNode = FALSE
	EndGlobalSection
	GlobalSection(ExtensibilityGlobals) = postSolution
		SolutionGuid = {34B644D0-D6E6-43BF-AB52-CCE2A921FFA2}
	EndGlobalSection
EndGlobal
